{
  "name": "all-api",
  "version": "2.2.1",
  "lockfileVersion": 3,
  "requires": true,
  "packages": {
    "": {
      "name": "all-api",
      "version": "2.2.1",
      "dependencies": {
        "dotenv": "^16.4.5",
        "wreq-js": "^3.2.0"
      }
    },
    "node_modules/@wreq-js/binding-android-arm64": {
      "version": "3.2.0",
      "resolved": "https://registry.npmjs.org/@wreq-js/binding-android-arm64/-/binding-android-arm64-3.2.0.tgz",
      "integrity": "sha512-PRsy18Z+0fftLeDvFTQwpgdepihRk6oVzdQWt92hEdarI7DexhgDJvvZfDsylMp7GDfsys9sFks8nIAi4n7eKQ==",
      "cpu": [
        "arm64"
      ],
      "license": "MIT",
      "optional": true,
      "os": [
        "android"
      ],
      "engines": {
        "node": ">=20.0.0"
      }
    },
    "node_modules/@wreq-js/binding-darwin-arm64": {
      "version": "3.2.0",
      "resolved": "https://registry.npmjs.org/@wreq-js/binding-darwin-arm64/-/binding-darwin-arm64-3.2.0.tgz",
      "integrity": "sha512-TGbgqj7YKp6m2p79hyLtTBatKgU8SKEVL5e903KGSeSDKkLbgk8knFoZ2MakhJnlqKZhvLPCNLT7A3AStwIoHQ==",
      "cpu": [
        "arm64"
      ],
      "license": "MIT",
      "optional": true,
      "os": [
        "darwin"
      ],
      "engines": {
        "node": ">=20.0.0"
      }
    },
    "node_modules/@wreq-js/binding-darwin-x64": {
      "version": "3.2.0",
      "resolved": "https://registry.npmjs.org/@wreq-js/binding-darwin-x64/-/binding-darwin-x64-3.2.0.tgz",
      "integrity": "sha512-89JkGsik49nUcQR7HfO6M+Na3whkhAQBghVFWn+vGmz32RzTX+HVy6q7wThjN+XGT+xvn9ZQpzTie3B292S50g==",
      "cpu": [
        "x64"
      ],
      "license": "MIT",
      "optional": true,
      "os": [
        "darwin"
      ],
      "engines": {
        "node": ">=20.0.0"
      }
    },
    "node_modules/@wreq-js/binding-linux-arm64-gnu": {
      "version": "3.2.0",
      "resolved": "https://registry.npmjs.org/@wreq-js/binding-linux-arm64-gnu/-/binding-linux-arm64-gnu-3.2.0.tgz",
      "integrity": "sha512-WXqMK7AtOxMJAdwDpnAdDq0NZqf6wuRucKCQWQSLdSTUyTEuGo2anRkUsZwqvHbLrkWCTXNfl1hAfA+wIk/4kw==",
      "cpu": [
        "arm64"
      ],
      "license": "MIT",
      "optional": true,
      "os": [
        "linux"
      ],
      "engines": {
        "node": ">=20.0.0"
      }
    },
    "node_modules/@wreq-js/binding-linux-arm64-musl": {
      "version": "3.2.0",
      "resolved": "https://registry.npmjs.org/@wreq-js/binding-linux-arm64-musl/-/binding-linux-arm64-musl-3.2.0.tgz",
      "integrity": "sha512-YSMWs3BNBCNhWvIAUHWyp2K/L17qxfaRTl+t97ykOIOIKZSduNYZn/Yn3hTNtpbdfrTmNMG9pltEcbixFKS4xQ==",
      "cpu": [
        "arm64"
      ],
      "license": "MIT",
      "optional": true,
      "os": [
        "linux"
      ],
      "engines": {
        "node": ">=20.0.0"
      }
    },
    "node_modules/@wreq-js/binding-linux-x64-gnu": {
      "version": "3.2.0",
      "resolved": "https://registry.npmjs.org/@wreq-js/binding-linux-x64-gnu/-/binding-linux-x64-gnu-3.2.0.tgz",
      "integrity": "sha512-6N7C1uc1qieM23rdKR5k07hfS50hVFExVHzLhHiWbmk9NyqBj0xyj2Mh5ThIrvz/or/6Pe79P8D7UWbl4aJTkw==",
      "cpu": [
        "x64"
      ],
      "license": "MIT",
      "optional": true,
      "os": [
        "linux"
      ],
      "engines": {
        "node": ">=20.0.0"
      }
    },
    "node_modules/@wreq-js/binding-linux-x64-musl": {
      "version": "3.2.0",
      "resolved": "https://registry.npmjs.org/@wreq-js/binding-linux-x64-musl/-/binding-linux-x64-musl-3.2.0.tgz",
      "integrity": "sha512-0h0xJsmhVlmh+vHs9dYMIp5lpkKGNZrSedkl2Mh9XmR5slBahTcHT7oEEclhV+aNcY3V2Afmmqfil5huL+yDpA==",
      "cpu": [
        "x64"
      ],
      "license": "MIT",
      "optional": true,
      "os": [
        "linux"
      ],
      "engines": {
        "node": ">=20.0.0"
      }
    },
    "node_modules/@wreq-js/binding-win32-arm64-msvc": {
      "version": "3.2.0",
      "resolved": "https://registry.npmjs.org/@wreq-js/binding-win32-arm64-msvc/-/binding-win32-arm64-msvc-3.2.0.tgz",
      "integrity": "sha512-6bfaVFfbI61s5YLgQL+43uURk/VuOu7TPlUwY1l0Q9yJdWzD+Jpdokgl5cEiY2a0FEAw8Q4LqPI+XZT3YAMnQA==",
      "cpu": [
        "arm64"
      ],
      "license": "MIT",
      "optional": true,
      "os": [
        "win32"
      ],
      "engines": {
        "node": ">=20.0.0"
      }
    },
    "node_modules/@wreq-js/binding-win32-x64-msvc": {
      "version": "3.2.0",
      "resolved": "https://registry.npmjs.org/@wreq-js/binding-win32-x64-msvc/-/binding-win32-x64-msvc-3.2.0.tgz",
      "integrity": "sha512-w4aktLElPgBXkWC/v9Ti9np6jBjYOzIyqmzgT41V/zuDq/V+V7s/13f9OzcX5hObH2WOpajo0KeljTJ2aRExNQ==",
      "cpu": [
        "x64"
      ],
      "license": "MIT",
      "optional": true,
      "os": [
        "win32"
      ],
      "engines": {
        "node": ">=20.0.0"
      }
    },
    "node_modules/dotenv": {
      "version": "16.6.1",
      "resolved": "https://registry.npmjs.org/dotenv/-/dotenv-16.6.1.tgz",
      "integrity": "sha512-uBq4egWHTcTt33a72vpSG0z3HnPuIl6NqYcTrKEg2azoEyl2hpW0zqlxysq2pK9HlDIHyHyakeYaYnSAwd8bow==",
      "license": "BSD-2-Clause",
      "engines": {
        "node": ">=12"
      },
      "funding": {
        "url": "https://dotenvx.com"
      }
    },
    "node_modules/wreq-js": {
      "version": "3.2.0",
      "resolved": "https://registry.npmjs.org/wreq-js/-/wreq-js-3.2.0.tgz",
      "integrity": "sha512-dawhEbhvd5hxivKZSvv/mAQGO3mwZYESyctOvIIZ/H3DvQJzUM2UoFQsij0fg7hIClQ/GEQgg+2259UcFwhpMQ==",
      "license": "MIT",
      "engines": {
        "node": ">=20.0.0"
      },
      "optionalDependencies": {
        "@wreq-js/binding-android-arm64": "3.2.0",
        "@wreq-js/binding-darwin-arm64": "3.2.0",
        "@wreq-js/binding-darwin-x64": "3.2.0",
        "@wreq-js/binding-linux-arm64-gnu": "3.2.0",
        "@wreq-js/binding-linux-arm64-musl": "3.2.0",
        "@wreq-js/binding-linux-x64-gnu": "3.2.0",
        "@wreq-js/binding-linux-x64-musl": "3.2.0",
        "@wreq-js/binding-win32-arm64-msvc": "3.2.0",
        "@wreq-js/binding-win32-x64-msvc": "3.2.0"
      }
    }
  }
}
